
Microsoft Visual Studio Solution File, Format Version 12.00
# Visual Studio Version 16
VisualStudioVersion = 16.0.30804.86
MinimumVisualStudioVersion = 10.0.40219.1
Project("{9A19103F-16F7-4668-BE54-9A1E7A4F7556}") = "NetworkTools.PROG", "NetworkToolProject\NetworkTools.PROG.csproj", "{B965A3C2-CA48-499A-8E36-65415B4BB538}"
EndProject
Project("{9A19103F-16F7-4668-BE54-9A1E7A4F7556}") = "NetworkTools.CLASSES", "NetworkTools\NetworkTools.CLASSES.csproj", "{B8E54F5C-E809-47AB-866A-E0976957983B}"
EndProject
Project("{FAE04EC0-301F-11D3-BF4B-00C04F79EFBC}") = "NetworkTools.TESTS", "NetworkTools.TESTS\NetworkTools.TESTS.csproj", "{C2CBD389-BC18-434C-8F78-B3F29B8BD8DF}"
EndProject
Global
	GlobalSection(SolutionConfigurationPlatforms) = preSolution
		Debug|Any CPU = Debug|Any CPU
		Release|Any CPU = Release|Any CPU
	EndGlobalSection
	GlobalSection(ProjectConfigurationPlatforms) = postSolution
		{B965A3C2-CA48-499A-8E36-65415B4BB538}.Debug|Any CPU.ActiveCfg = Debug|Any CPU
		{B965A3C2-CA48-499A-8E36-65415B4BB538}.Debug|Any CPU.Build.0 = Debug|Any CPU
		{B965A3C2-CA48-499A-8E36-65415B4BB538}.Release|Any CPU.ActiveCfg = Release|Any CPU
		{B965A3C2-CA48-499A-8E36-65415B4BB538}.Release|Any CPU.Build.0 = Release|Any CPU
		{B8E54F5C-E809-47AB-866A-E0976957983B}.Debug|Any CPU.ActiveCfg = Debug|Any CPU
		{B8E54F5C-E809-47AB-866A-E0976957983B}.Debug|Any CPU.Build.0 = Debug|Any CPU
		{B8E54F5C-E809-47AB-866A-E0976957983B}.Release|Any CPU.ActiveCfg = Release|Any CPU
		{B8E54F5C-E809-47AB-866A-E0976957983B}.Release|Any CPU.Build.0 = Release|Any CPU
		{C2CBD389-BC18-434C-8F78-B3F29B8BD8DF}.Debug|Any CPU.ActiveCfg = Debug|Any CPU
		{C2CBD389-BC18-434C-8F78-B3F29B8BD8DF}.Debug|Any CPU.Build.0 = Debug|Any CPU
		{C2CBD389-BC18-434C-8F78-B3F29B8BD8DF}.Release|Any CPU.ActiveCfg = Release|Any CPU
		{C2CBD389-BC18-434C-8F78-B3F29B8BD8DF}.Release|Any CPU.Build.0 = Release|Any CPU
	EndGlobalSection
	GlobalSection(SolutionProperties) = preSolution
		HideSolutionNode = FALSE
	EndGlobalSection
	GlobalSection(ExtensibilityGlobals) = postSolution
		SolutionGuid = {994DBF9B-D42E-4502-8B70-8C4420D4DC89}
	EndGlobalSection
EndGlobal
